version = 1
revision = 3
requires-python = ">=3.12"

[[package]]
name = "applications-service"
version = "0.1.0"
source = { virtual = "." }
dependencies = [
    { name = "grpcio-tools" },
]

[package.metadata]
requires-dist = [{ name = "grpcio-tools", specifier = ">=1.82.0" }]

[[package]]
name = "grpcio"
version = "1.82.0"
source = { registry = "https://pypi.org/simple" }
dependencies = [
    { name = "typing-extensions" },
]
sdist = { url = "https://files.pythonhosted.org/packages/b6/19/e29d3979b420b92d516ee97f0bff4fb88cbb3d724791318f50beb55db549/grpcio-1.82.0.tar.gz", hash = "sha256:bfe3247e0bb598585ce26565730970d21bccf3c9dc547dc6703a1a3c7888e8e1", size = 13184479, upload-time = "2026-07-06T04:22:54.421Z" }
wheels = [
    { url = "https://files.pythonhosted.org/packages/2f/e6/9ce68bc431224177b6f506cfb4896a742119c51255143069970955b6510b/grpcio-1.82.0-cp312-cp312-linux_armv7l.whl", hash = "sha256:03cce11532da292215cd8e5f444de91982e39dfb41a916e0e0f91a5c128588ea", size = 6144680, upload-time = "2026-07-06T04:21:29.808Z" },
    { url = "https://files.pythonhosted.org/packages/59/93/00ecf28e1be7a70b4b4d148d3a551b6c9a37024a669c3650a2c374c64026/grpcio-1.82.0-cp312-cp312-macosx_11_0_universal2.whl", hash = "sha256:01336fe31d1ea5d5154b0d803eb3584e69fb96e0e657acc87bd4d48d6abc9587", size = 11952213, upload-time = "2026-07-06T04:21:32.347Z" },
    { url = "https://files.pythonhosted.org/packages/38/05/9be6bf4cddb5b5f39c0748cdf5639525cd4116a157c8f3802c9217e54882/grpcio-1.82.0-cp312-cp312-manylinux2014_aarch64.manylinux_2_17_aarch64.whl", hash = "sha256:fe56f1bea709ddb2531fbd510a2dd6040e993985507c3b2bf3404507aee989b1", size = 6710770, upload-time = "2026-07-06T04:21:35.382Z" },
    { url = "https://files.pythonhosted.org/packages/00/97/62c0969e993673ebef16d526db2504f38bc4c73cf2593c28746791ab7956/grpcio-1.82.0-cp312-cp312-manylinux2014_i686.manylinux_2_17_i686.whl", hash = "sha256:77a5d8fe331376c7aaa4e06e903a43bd144de4f98c6e414e13cbc5d64e5aa61e", size = 7450671, upload-time = "2026-07-06T04:21:37.923Z" },
    { url = "https://files.pythonhosted.org/packages/67/1f/d83d9fbaaef2b6ebbf70a6e467000f13f92b4cf0b84c561c162b43128439/grpcio-1.82.0-cp312-cp312-manylinux2014_x86_64.manylinux_2_17_x86_64.whl", hash = "sha256:9ce80ea66c803398fde9c5b1fd925920c9742da7f10f8b85acac0adac3e4d7e0", size = 6886855, upload-time = "2026-07-06T04:21:40.527Z" },
    { url = "https://files.pythonhosted.org/packages/c5/36/5ed2e28b8c5f00599c7d5e94d5f82c32cf73a6fa42d13c2900cb37c861ec/grpcio-1.82.0-cp312-cp312-musllinux_1_2_aarch64.whl", hash = "sha256:4665dc8c9ec30acff455e2b15c47b825f18647c555483aa1ccf670adead8adcc", size = 7501322, upload-time = "2026-07-06T04:21:43.78Z" },
    { url = "https://files.pythonhosted.org/packages/89/4e/69113709e14e24289940d6aef067b797c73c8c96f580683af7d5f09b22b0/grpcio-1.82.0-cp312-cp312-musllinux_1_2_i686.whl", hash = "sha256:4405d19ecfc7a8caa9043ff5a651e1871b54fc620f917de5dede7e6fb78e9e14", size = 8536896, upload-time = "2026-07-06T04:21:46.387Z" },
    { url = "https://files.pythonhosted.org/packages/30/f6/08bd6eb89a558f0f59dacaef747afda7c21e2c2ecf138ae2ec533dea8aeb/grpcio-1.82.0-cp312-cp312-musllinux_1_2_x86_64.whl", hash = "sha256:30e580c19178609799660f52b1e1eb09248969be20dc44caaa4dcaa3e8450dd9", size = 7913890, upload-time = "2026-07-06T04:21:49.733Z" },
    { url = "https://files.pythonhosted.org/packages/d5/a1/04b467e2ffc93f8e50b660bc6f47c3c8e9ba7603104a741e3d5663a261d4/grpcio-1.82.0-cp312-cp312-win32.whl", hash = "sha256:dbbd83dbaa856b387a4eba74ec3add7f594f090d3b4d390d829dd5834816aae4", size = 4240969, upload-time = "2026-07-06T04:21:52.281Z" },
    { url = "https://files.pythonhosted.org/packages/25/3c/15d3601384d5937e8d9fbe6d8e7b8171008d649744dd7b6c864932937ec9/grpcio-1.82.0-cp312-cp312-win_amd64.whl", hash = "sha256:73176d270699d76a9dc3753f25e01c19fb98f830f826a506e917d83629f1b39b", size = 5001575, upload-time = "2026-07-06T04:21:54.839Z" },
    { url = "https://files.pythonhosted.org/packages/f0/c8/7aace81e7cd12c6ffccf0d47ac389a3f19e5280e9ab04d301d02855ecd25/grpcio-1.82.0-cp313-cp313-linux_armv7l.whl", hash = "sha256:841bcaa24882921d41cd7a82118f9a766edcf8807c2f486e7deeb0ff5ea36181", size = 6146066, upload-time = "2026-07-06T04:21:57.527Z" },
    { url = "https://files.pythonhosted.org/packages/10/17/b448f2265e4927188425c0b09fb943c39b50f7f53fbead644b44ccdf834b/grpcio-1.82.0-cp313-cp313-macosx_11_0_universal2.whl", hash = "sha256:d4bb7219c39c735e6573ae3c33aeafb2a4e1f1cc93a762f7899c283defaed365", size = 11948617, upload-time = "2026-07-06T04:22:00.066Z" },
    { url = "https://files.pythonhosted.org/packages/8e/a3/fba54e50fffc9f74b1ffd5eb4e47310e6650557ef136a165f1fe7df03a65/grpcio-1.82.0-cp313-cp313-manylinux2014_aarch64.manylinux_2_17_aarch64.whl", hash = "sha256:254230d2cb773a87380858d0fc74653b4761bf2013c83fe1c5d77ed8f241fc9d", size = 6714591, upload-time = "2026-07-06T04:22:04.04Z" },
    { url = "https://files.pythonhosted.org/packages/29/6f/f0ec3f1a61a746dc7037a737ba4cbe60959645311ac8542bb1ad4e72ae8b/grpcio-1.82.0-cp313-cp313-manylinux2014_i686.manylinux_2_17_i686.whl", hash = "sha256:16d4f215344057eb21038319b05a0c531306230c17b075fa8461a944581006dd", size = 7454986, upload-time = "2026-07-06T04:22:06.776Z" },
    { url = "https://files.pythonhosted.org/packages/b6/11/9d6ce94465d6a7f92c413430b3e77f0879b39427a217ffb3d23585df4bb3/grpcio-1.82.0-cp313-cp313-manylinux2014_x86_64.manylinux_2_17_x86_64.whl", hash = "sha256:a7c283b459151a2e84df32b28c31562ab3e7f624bccffce176c5608565b0212f", size = 6888623, upload-time = "2026-07-06T04:22:09.469Z" },
    { url = "https://files.pythonhosted.org/packages/51/1a/b887adb7abb69081c4f24bc66c3612975e87caf5f7c6aa3916bb82d42e5f/grpcio-1.82.0-cp313-cp313-musllinux_1_2_aarch64.whl", hash = "sha256:96a3be4d2a482ff004c036f6391f33553b36a7627138d1ca3ecc1e70d55d8af5", size = 7505067, upload-time = "2026-07-06T04:22:11.728Z" },
    { url = "https://files.pythonhosted.org/packages/60/94/90f11c0f227ac653cff769e05c7f279da945e134c9351a1c37d475714686/grpcio-1.82.0-cp313-cp313-musllinux_1_2_i686.whl", hash = "sha256:bc481e6c7e6c8721797f2ab764092c843fd5cea06d4c7e9f4c3e3b7ecf331eb0", size = 8535382, upload-time = "2026-07-06T04:22:14.453Z" },
    { url = "https://files.pythonhosted.org/packages/d2/3d/de8569386685213135dfbaab58e221add11858485524cf7d5987efc6d70b/grpcio-1.82.0-cp313-cp313-musllinux_1_2_x86_64.whl", hash = "sha256:680f633bc788652222cb90a568ec374edcd91e1fe7715a7c248ece8e1032c2bd", size = 7910708, upload-time = "2026-07-06T04:22:17.994Z" },
    { url = "https://files.pythonhosted.org/packages/42/ab/3950b32369763818ae89ef76d52e84bd034d3a0ab46bf315669c913b32e2/grpcio-1.82.0-cp313-cp313-win32.whl", hash = "sha256:640b4715b9c206e5176e46601aa1422c47c779f642a869dfd27062e8fde13dfb", size = 4240351, upload-time = "2026-07-06T04:22:20.626Z" },
    { url = "https://files.pythonhosted.org/packages/a7/5c/c7b9a48efe973883f5707a311f87772a4c307a22ec80d6f3c851846a0a02/grpcio-1.82.0-cp313-cp313-win_amd64.whl", hash = "sha256:8523e81bd23f83e607aed28fbd8244b2be4aeb34e084fcef1bd1867709085c2a", size = 5000985, upload-time = "2026-07-06T04:22:23.365Z" },
    { url = "https://files.pythonhosted.org/packages/bd/6e/abc5efe11b73eefa0183531032eef2a53f33aeced6484b0d9da559c12ed6/grpcio-1.82.0-cp314-cp314-linux_armv7l.whl", hash = "sha256:136969867c14fcc743fa39b12d7da133cae7da4f8e0e7767b6b8b7e75a8c24fd", size = 6146898, upload-time = "2026-07-06T04:22:26.082Z" },
    { url = "https://files.pythonhosted.org/packages/e0/e4/d01ee88ceac221436dce1584ae1f046bd44d0dffc5a92e95aa34857c4516/grpcio-1.82.0-cp314-cp314-macosx_11_0_universal2.whl", hash = "sha256:a7e246cd216662f513ae79ea3afadde6afe8a659b48a4170bae9a896e69ac254", size = 11954897, upload-time = "2026-07-06T04:22:29.114Z" },
    { url = "https://files.pythonhosted.org/packages/99/b9/2a35540ec08afc08859c35afd1a8a51e2585f39b12cf4eee68dcb1fa973d/grpcio-1.82.0-cp314-cp314-manylinux2014_aarch64.manylinux_2_17_aarch64.whl", hash = "sha256:85c2a4e9e8a30d73d41e547a5101e57a1ed2093ec4b2daf6847c344adba00523", size = 6723102, upload-time = "2026-07-06T04:22:32.146Z" },
    { url = "https://files.pythonhosted.org/packages/ec/ba/af71af59943b5d08879617a1d97495d45c53e43f3c6ef16f820c64e107f9/grpcio-1.82.0-cp314-cp314-manylinux2014_i686.manylinux_2_17_i686.whl", hash = "sha256:a3a7802328e0d20e6ac458ff1974a8096cfaa3ca84dea0903235f641f1d703c1", size = 7454545, upload-time = "2026-07-06T04:22:34.776Z" },
    { url = "https://files.pythonhosted.org/packages/b3/7e/258aae12b68910140725873657469ff166f8968bdb0674e12d6452b1812c/grpcio-1.82.0-cp314-cp314-manylinux2014_x86_64.manylinux_2_17_x86_64.whl", hash = "sha256:9331e6b91b26cffd63fb70a545f3c2cac8dc1b434b4436f43915c23e1e22f265", size = 6889585, upload-time = "2026-07-06T04:22:37.411Z" },
    { url = "https://files.pythonhosted.org/packages/5e/04/cfada8930306b9101cfb405b33ecb3b72abce51d725f900f167ffbc3146b/grpcio-1.82.0-cp314-cp314-musllinux_1_2_aarch64.whl", hash = "sha256:670ab93a0059e707de53b9e715304b9f566b6defee80e5490cdd15820ce032f6", size = 7514162, upload-time = "2026-07-06T04:22:40.076Z" },
    { url = "https://files.pythonhosted.org/packages/2e/57/955f95989338857a6d73ee838b4d9e8198d50972a70ca83ec22322396f4c/grpcio-1.82.0-cp314-cp314-musllinux_1_2_i686.whl", hash = "sha256:fbfe2e321bb30b84799677d6e8469896e487b494e9e4fbc9b8cc4425fe054d44", size = 8536163, upload-time = "2026-07-06T04:22:42.801Z" },
    { url = "https://files.pythonhosted.org/packages/06/62/826da0b0f01c7ba3f7ea0185968f551290deb28968d98b1edf604c895db8/grpcio-1.82.0-cp314-cp314-musllinux_1_2_x86_64.whl", hash = "sha256:2472b72a55da8570e089f1ca22f34a350d86c109be2755f6ee1cca5ebbdd9b54", size = 7912573, upload-time = "2026-07-06T04:22:46.187Z" },
    { url = "https://files.pythonhosted.org/packages/4d/b4/d8824a66ac1ac7fbcdf63806f1a8725d95426654e859afa4606070c78740/grpcio-1.82.0-cp314-cp314-win32.whl", hash = "sha256:c9feb986151c2726789599b3672c1c9faa1d0824da921dc3f33a8cb1f93e2861", size = 4321824, upload-time = "2026-07-06T04:22:48.866Z" },
    { url = "https://files.pythonhosted.org/packages/da/08/02e581cc0bbb4c7b842f85e66a945b46d5bcc5927575c1086edfbc3360e7/grpcio-1.82.0-cp314-cp314-win_amd64.whl", hash = "sha256:b1eeb0480d86965263f8c8ae7ee5360c284d22176a196aab02fce7fba8d89dd8", size = 5141112, upload-time = "2026-07-06T04:22:51.443Z" },
]

[[package]]
name = "grpcio-tools"
version = "1.82.0"
source = { registry = "https://pypi.org/simple" }
dependencies = [
    { name = "grpcio" },
    { name = "protobuf" },
    { name = "setuptools" },
]
sdist = { url = "https://files.pythonhosted.org/packages/2c/c2/aa8fa0004d9b0350016464824427f6ee4ddc9b407ccf05fd0044e94a1652/grpcio_tools-1.82.0.tar.gz", hash = "sha256:c9f3dbb88e90d9b05253a24fc11b61e516a7224ccbfc682e0a3dce55cddcab92", size = 6399122, upload-time = "2026-07-06T04:25:19.29Z" }
wheels = [
    { url = "https://files.pythonhosted.org/packages/c0/57/783ce4aed7d1e866d355b5fd0cdcda2aa7f9e6cdcf9401655c5861aae599/grpcio_tools-1.82.0-cp312-cp312-linux_armv7l.whl", hash = "sha256:8115ec20ac7aaa632d1b9b22ef21666e1e4ce1952765bee71645427ead4b9295", size = 2653283, upload-time = "2026-07-06T04:24:03.947Z" },
    { url = "https://files.pythonhosted.org/packages/79/de/f5d5f00f0f17b91026272d081f9efcb1345de5bbb81fcc120961f3466a4d/grpcio_tools-1.82.0-cp312-cp312-macosx_11_0_universal2.whl", hash = "sha256:a0b77297911a2517d78645f01a83a2f54ae0b8d1bdde317be87c633b87bb616a", size = 5965956, upload-time = "2026-07-06T04:24:06.352Z" },
    { url = "https://files.pythonhosted.org/packages/80/e1/15cf0a69e73627bb5ef7753e93f3b428c557fd17896fc149ae4ec066e432/grpcio_tools-1.82.0-cp312-cp312-manylinux2014_aarch64.manylinux_2_17_aarch64.whl", hash = "sha256:6eaf2fd99ab3a76a45349b6f20a3985c5db5392b61fa7d170f726a67d2804315", size = 2705355, upload-time = "2026-07-06T04:24:08.392Z" },
    { url = "https://files.pythonhosted.org/packages/e0/19/fe0e4a95a864cf0bb9ce6a9f73fdcd86c92d96297661c3235b72ea7f25c4/grpcio_tools-1.82.0-cp312-cp312-manylinux2014_i686.manylinux_2_17_i686.whl", hash = "sha256:e8cb17083d96f459640886cfb94235607a7ff9a932e21a169d43a478435841b2", size = 3033410, upload-time = "2026-07-06T04:24:10.458Z" },
    { url = "https://files.pythonhosted.org/packages/ce/e1/13c0f72241e00a804cedd0eb5170675dfe3d74a0fa818db7e72850c9f1dc/grpcio_tools-1.82.0-cp312-cp312-manylinux2014_x86_64.manylinux_2_17_x86_64.whl", hash = "sha256:7df5721d390fe1054c94768f1644ed69570adab3c53e4443dd5624053a13a187", size = 2774497, upload-time = "2026-07-06T04:24:12.448Z" },
    { url = "https://files.pythonhosted.org/packages/cf/a9/d1ab04143c946f84ed49f880dff681f2128629d9ef4ed22820ce55a36d1e/grpcio_tools-1.82.0-cp312-cp312-musllinux_1_2_aarch64.whl", hash = "sha256:3e062e92633ee1f58b7c25220301271bdd03e2366a7de42471eaba0e18a44ddf", size = 3230021, upload-time = "2026-07-06T04:24:15.145Z" },
    { url = "https://files.pythonhosted.org/packages/40/c4/18b7a3d0b7dbdfaf9e97d192bfdfb8db5d299c0b005258cc091264c686e3/grpcio_tools-1.82.0-cp312-cp312-musllinux_1_2_i686.whl", hash = "sha256:0b58d67bd2678858d81349ee62e66181d346812e8ec4a36bc4460600d8983ae2", size = 3803154, upload-time = "2026-07-06T04:24:17.974Z" },
    { url = "https://files.pythonhosted.org/packages/26/c6/366ee97da860b759d997a0b66d6cad234d90709b21e83dde9309fccf198a/grpcio_tools-1.82.0-cp312-cp312-musllinux_1_2_x86_64.whl", hash = "sha256:ac09089db603752b0c4713fc5a97030dc7f27a896bcbf2751fa6cb411f920ae2", size = 3461810, upload-time = "2026-07-06T04:24:20.35Z" },
    { url = "https://files.pythonhosted.org/packages/4f/86/9868b7660b13a876ef09b96e498873128f68efabc19d118f938bc818273d/grpcio_tools-1.82.0-cp312-cp312-win32.whl", hash = "sha256:7a2c676b3e38536a64c2c5b65c87c9f03528a2011fd99b9a6d82880e6e206647", size = 1022474, upload-time = "2026-07-06T04:24:22.588Z" },
    { url = "https://files.pythonhosted.org/packages/80/74/efecb62c01cb38601da49f7ba012a5f70e22a5bae22b169d4fff47f9ef2c/grpcio_tools-1.82.0-cp312-cp312-win_amd64.whl", hash = "sha256:f24a42601b699ac620836af9b577b16089fd365dcc07637d8b7857510e87835f", size = 1192179, upload-time = "2026-07-06T04:24:24.921Z" },
    { url = "https://files.pythonhosted.org/packages/82/2e/bbd4a5658cc9755ccf2414a7cab87595c2cf73fb51940a3096086c63f8c8/grpcio_tools-1.82.0-cp313-cp313-linux_armv7l.whl", hash = "sha256:678147f2e5c87844365eba22fe39e001b1f83e7822e9d1915fb497c39477d96b", size = 2652841, upload-time = "2026-07-06T04:24:27.577Z" },
    { url = "https://files.pythonhosted.org/packages/50/f9/16c3267ca997deb9909bf158f1bf38c111ab707c43bcc2fcc1f356dedd5e/grpcio_tools-1.82.0-cp313-cp313-macosx_11_0_universal2.whl", hash = "sha256:e2c86c8c275861f621673e7510e96e3caed3541d6b95551d958ec119af1cd6d1", size = 5963606, upload-time = "2026-07-06T04:24:30.574Z" },
    { url = "https://files.pythonhosted.org/packages/83/ca/680699f896a2dcda036b61ed367a7331a99954a45fa6330fc1852599079b/grpcio_tools-1.82.0-cp313-cp313-manylinux2014_aarch64.manylinux_2_17_aarch64.whl", hash = "sha256:cc01c1774c843ffb7da446d5a3f32b857576705d9de3859bf3ef04f6bf1c1389", size = 2705075, upload-time = "2026-07-06T04:24:32.988Z" },
    { url = "https://files.pythonhosted.org/packages/cd/78/0bbfe7ac39b5a1f88cea31c2ee71439bc61430e23b7cf4c0feb3ea41ae6f/grpcio_tools-1.82.0-cp313-cp313-manylinux2014_i686.manylinux_2_17_i686.whl", hash = "sha256:9f6654ef32dde459ea2d929fdf83b4f649acde274ba0285b4a953992bdc76520", size = 3033060, upload-time = "2026-07-06T04:24:35.293Z" },
    { url = "https://files.pythonhosted.org/packages/c7/30/ffdbe8e4c838bfd815744cc2a990e102280d2a1effcab1a46847a9917a10/grpcio_tools-1.82.0-cp313-cp313-manylinux2014_x86_64.manylinux_2_17_x86_64.whl", hash = "sha256:b0b15875e3c0daf3208055f0cc2305a32ece32b914c9150ea89751373a072758", size = 2773647, upload-time = "2026-07-06T04:24:37.725Z" },
    { url = "https://files.pythonhosted.org/packages/76/25/3b7c60d1edd2359b3569d44603f5e5dc992f97e0bf5f203ff493f28498a2/grpcio_tools-1.82.0-cp313-cp313-musllinux_1_2_aarch64.whl", hash = "sha256:338a013a7207650eb4bd14fe01b46cd5d982e7aaf28b82d605e3bac252913977", size = 3229768, upload-time = "2026-07-06T04:24:40.006Z" },
    { url = "https://files.pythonhosted.org/packages/10/a0/b72d8fed90b3670440f1237140cad2ccd30d0c4917cf0d1796b726a3be22/grpcio_tools-1.82.0-cp313-cp313-musllinux_1_2_i686.whl", hash = "sha256:3c08d5caa1392535b7372b3e079a9e2fedfc2ee20cdcdc079e3ec6ce288040bf", size = 3802526, upload-time = "2026-07-06T04:24:42.7Z" },
    { url = "https://files.pythonhosted.org/packages/88/c3/4f16f8a00f89a4c91122e53d153dcb92a0dacbc7a7a94a132ae4fedafad0/grpcio_tools-1.82.0-cp313-cp313-musllinux_1_2_x86_64.whl", hash = "sha256:f82905f3f67630e60eb3fb18276407463189a8d75d7ee3b2c8549c915fa380ad", size = 3461030, upload-time = "2026-07-06T04:24:44.786Z" },
    { url = "https://files.pythonhosted.org/packages/11/fa/03b5b678f7a8067acf76316b2553c4513fabd75693ff840f177fb4b81c56/grpcio_tools-1.82.0-cp313-cp313-win32.whl", hash = "sha256:3e31cfeae69a3e37a401cabf299b057711e3ae0872f62d1a9cd53a25d1400ec7", size = 1022122, upload-time = "2026-07-06T04:24:46.933Z" },
    { url = "https://files.pythonhosted.org/packages/a1/ba/c6761e4d7a1e8e79d130c96ba94725d52034a06859c491584d445f06670d/grpcio_tools-1.82.0-cp313-cp313-win_amd64.whl", hash = "sha256:ff5f6edd816358ea3c0e30cb659e99ab21c94ffd3f552690d171299d1691226d", size = 1191848, upload-time = "2026-07-06T04:24:49.618Z" },
    { url = "https://files.pythonhosted.org/packages/10/d1/8741f51993b8cc5ee014275af028ab80d6282f31cf6d2b575dec8af40b45/grpcio_tools-1.82.0-cp314-cp314-linux_armv7l.whl", hash = "sha256:45da33fd983ca940e90d29fe785241846af3f3b42390f498dc733a06930315ef", size = 2652839, upload-time = "2026-07-06T04:24:52.432Z" },
    { url = "https://files.pythonhosted.org/packages/c6/de/6fc34b0c7ab97fd16006239e200b9b5394c5d25b004dd38cba25857193aa/grpcio_tools-1.82.0-cp314-cp314-macosx_11_0_universal2.whl", hash = "sha256:4f8815e0f85c6d2024f762f6ddc20e9c78766e8ebeee83a555ebac01b5834722", size = 5963590, upload-time = "2026-07-06T04:24:55.353Z" },
    { url = "https://files.pythonhosted.org/packages/3d/46/2bd2e9be5a98c7d4210be2a63032906f6ee976f1b2882e4e4ecd396331e0/grpcio_tools-1.82.0-cp314-cp314-manylinux2014_aarch64.manylinux_2_17_aarch64.whl", hash = "sha256:4910e44273d0af753dc841a6207966fc4f8958d5fb34d236ce308df610a68fd3", size = 2705215, upload-time = "2026-07-06T04:24:58.161Z" },
    { url = "https://files.pythonhosted.org/packages/2a/02/6d9a2f1c950edf420558ee5bc924ee9f8d4e3ac08b0e08b24cdc8be8086d/grpcio_tools-1.82.0-cp314-cp314-manylinux2014_i686.manylinux_2_17_i686.whl", hash = "sha256:e8fd0da0dbe28e7193b685f1c53c6c3986e13c5a1e5d69d6b6e21f44d9c30884", size = 3033046, upload-time = "2026-07-06T04:25:00.723Z" },
    { url = "https://files.pythonhosted.org/packages/4c/5d/fadd751b1c1edfebccf9eccc77bf83ab45439979c22fc88c7cba6852dfdb/grpcio_tools-1.82.0-cp314-cp314-manylinux2014_x86_64.manylinux_2_17_x86_64.whl", hash = "sha256:0da01ec7b7fc22a506e6c8433bdc983c52c558258157698ef37a2052fff41366", size = 2773830, upload-time = "2026-07-06T04:25:03.338Z" },
    { url = "https://files.pythonhosted.org/packages/be/39/f2beefd17194bc9cb1c8dd6e24db2190aee048927473b31a961bcf064115/grpcio_tools-1.82.0-cp314-cp314-musllinux_1_2_aarch64.whl", hash = "sha256:db3cf189d10f651db693db5354d8c18a41eacd4e2b9b86c9961b3ea0497b5638", size = 3229936, upload-time = "2026-07-06T04:25:05.961Z" },
    { url = "https://files.pythonhosted.org/packages/3b/fc/beba684b43359f8921aa02df10667036ab6484ad189afd2d6a7579c1ee00/grpcio_tools-1.82.0-cp314-cp314-musllinux_1_2_i686.whl", hash = "sha256:5edd884e4188f75147e8312b1ae1140ff8e2cb8305ddd66fa73312c58d816e74", size = 3802593, upload-time = "2026-07-06T04:25:08.548Z" },
    { url = "https://files.pythonhosted.org/packages/97/cc/91c84fddd8adf01c9496b53142165ea446a7feb365dfbb0ccb3189d78095/grpcio_tools-1.82.0-cp314-cp314-musllinux_1_2_x86_64.whl", hash = "sha256:703b9ba228e5c7f639c04f578ca6481605e8ff211373fb3de73852b02c41cac5", size = 3461307, upload-time = "2026-07-06T04:25:10.998Z" },
    { url = "https://files.pythonhosted.org/packages/43/dc/a7deb6bb20f1ac65904b5191e852b2791c83285b5b2a79ddbcbbb2b6a909/grpcio_tools-1.82.0-cp314-cp314-win32.whl", hash = "sha256:c617df5b6b260299ebae2cbde260361d905d43eee17696468702c4e6ca9d58b6", size = 1045036, upload-time = "2026-07-06T04:25:13.414Z" },
    { url = "https://files.pythonhosted.org/packages/51/df/ddf3dcb800a526676b9b312129ef69325b6cb413cef3d8f3e8f01b056496/grpcio_tools-1.82.0-cp314-cp314-win_amd64.whl", hash = "sha256:061a50146c3682b3fbd92717139786aa78c3eac997b70f9982a3d1fdf31cd273", size = 1224190, upload-time = "2026-07-06T04:25:16.148Z" },
]

[[package]]
name = "protobuf"
version = "7.35.1"
source = { registry = "https://pypi.org/simple" }
sdist = { url = "https://files.pythonhosted.org/packages/da/01/9ef0afd7999eb9badb3a768b4aedd78c86d4c65cfaf1958ab276199e76b4/protobuf-7.35.1.tar.gz", hash = "sha256:ce115a26fe0c39a2c29973d914d327e516a6455464489fe3cd1e51a1b354f81a", size = 458717, upload-time = "2026-06-11T21:55:40.257Z" }
wheels = [
    { url = "https://files.pythonhosted.org/packages/10/03/8aeeb7458d22546bf64b5250ca1daeb5ff757d900e8e4a7476c6f0db843e/protobuf-7.35.1-cp310-abi3-macosx_10_9_universal2.whl", hash = "sha256:24f857477359a85c0c235261b8ba905fd51b2562f4a64ca1df5473f29850cbf6", size = 433226, upload-time = "2026-06-11T21:55:31.719Z" },
    { url = "https://files.pythonhosted.org/packages/37/4b/dfb89eb0e652a1ff073c39a59fb5e3a83cfe9b57a2c83fa6d78270101767/protobuf-7.35.1-cp310-abi3-manylinux2014_aarch64.whl", hash = "sha256:11d6b0ec246892d85215b0a13ca6e0233cf5284b68f0ac02646427f4ff88a799", size = 328847, upload-time = "2026-06-11T21:55:34.035Z" },
    { url = "https://files.pythonhosted.org/packages/0f/58/dc12f2cd484951524af6e3382c785869b9b3fb5e52ee95ae23add53ee8f9/protobuf-7.35.1-cp310-abi3-manylinux2014_s390x.whl", hash = "sha256:b73f9489a4b8b1c9cb1f8ed951c736392592edb24b9d6819f36d2e10b171d5b4", size = 344030, upload-time = "2026-06-11T21:55:34.941Z" },
    { url = "https://files.pythonhosted.org/packages/e4/be/5b3cfe508bfab6761414ff944e3366eb13be4fd71efcd69450f89ba39f43/protobuf-7.35.1-cp310-abi3-manylinux2014_x86_64.whl", hash = "sha256:74758715c53d7158fb76caf4f0cfdacc5329a4b1bb994f865d6cf302d413a1c4", size = 327130, upload-time = "2026-06-11T21:55:35.921Z" },
    { url = "https://files.pythonhosted.org/packages/d8/bc/6d6c7ba8709c85f8f2c390b2b118d6fb08a783676a572271851bf45a7d22/protobuf-7.35.1-cp310-abi3-win32.whl", hash = "sha256:353652e4efd0bca5b5fc2656abf8307ef351f0cf938c9eba09f0e09c20a25c30", size = 428945, upload-time = "2026-06-11T21:55:37.034Z" },
    { url = "https://files.pythonhosted.org/packages/0a/19/8d0cb6f20a1ef7b18f1c8986ad5783f22f84cce39c6ce9a6e645ea55192e/protobuf-7.35.1-cp310-abi3-win_amd64.whl", hash = "sha256:230a75ddfc2de4806e56696ce9640c1cdfdb6543b7cfce98d42a4c0a0e7bdb87", size = 439996, upload-time = "2026-06-11T21:55:38.123Z" },
    { url = "https://files.pythonhosted.org/packages/19/c7/5f7c636ec43e0c545e28d1f1db71990108306f7bdcb89f069ba97e428e7f/protobuf-7.35.1-py3-none-any.whl", hash = "sha256:4bc97768d8fe4ad6743c8a19403e314511ed9f6d13205b687e52421c023ac1b9", size = 171659, upload-time = "2026-06-11T21:55:39.155Z" },
]

[[package]]
name = "setuptools"
version = "83.0.0"
source = { registry = "https://pypi.org/simple" }
sdist = { url = "https://files.pythonhosted.org/packages/34/26/f5d29e25ffdb535afef2d35cdb55b325298f96debd670da4c325e08d70f4/setuptools-83.0.0.tar.gz", hash = "sha256:025bccbbf0fa05b6192bc64ae1e7b16e001fd6d6d4d5de03c97b1c1ade523bef", size = 1154254, upload-time = "2026-07-04T15:31:22.699Z" }
wheels = [
    { url = "https://files.pythonhosted.org/packages/5d/40/e1e72872c6354b306daef1703549e8e83b4d43cfea356311bf722a043752/setuptools-83.0.0-py3-none-any.whl", hash = "sha256:29b23c360f22f414dc7336bb39178cc7bcbf6021ed2733cde173f09dba19abb3", size = 1008090, upload-time = "2026-07-04T15:31:20.885Z" },
]

[[package]]
name = "typing-extensions"
version = "4.16.0"
source = { registry = "https://pypi.org/simple" }
sdist = { url = "https://files.pythonhosted.org/packages/f6/cc/6253133b5bb138fc3306cebfbda2c520f545d36b5be2c7255cc528bb45d6/typing_extensions-4.16.0.tar.gz", hash = "sha256:dc983d19a509c94dba722ee6abd33940f7c05a89e243c47e907eb4db6f1a43e5", size = 113555, upload-time = "2026-07-02T08:40:05.92Z" }
wheels = [
    { url = "https://files.pythonhosted.org/packages/49/d3/b8441a820a491ddfc024b0b0cf0393375b75ea13866d9c66727e54c2fc80/typing_extensions-4.16.0-py3-none-any.whl", hash = "sha256:481caa481374e813c1b176ada14e97f1f67a4539ce9cfeb3f350d78d6370c2e8", size = 45571, upload-time = "2026-07-02T08:40:04.659Z" },
]
